// !$*UTF8*$!
{
	archiveVersion = 1;
	classes = {
	};
	objectVersion = 56;
	objects = {

/* Begin PBXBuildFile section */
		A6DBFDD02B665E9E003B6E59 /* CheetahApp.swift in Sources */ = {isa = PBXBuildFile; fileRef = A6DBFDCF2B665E9E003B6E59 /* CheetahApp.swift */; };
		A6DBFDD22B665E9E003B6E59 /* ContentView.swift in Sources */ = {isa = PBXBuildFile; fileRef = A6DBFDD12B665E9E003B6E59 /* ContentView.swift */; };
		A6DBFDD42B665E9F003B6E59 /* Assets.xcassets in Resources */ = {isa = PBXBuildFile; fileRef = A6DBFDD32B665E9F003B6E59 /* Assets.xcassets */; };
		A6DBFDD82B665E9F003B6E59 /* Preview Assets.xcassets in Resources */ = {isa = PBXBuildFile; fileRef = A6DBFDD72B665E9F003B6E59 /* Preview Assets.xcassets */; };
		A6DBFDEA2B78BFA9003B6E59 /* Home.swift in Sources */ = {isa = PBXBuildFile; fileRef = A6DBFDE92B78BFA9003B6E59 /* Home.swift */; };
		A6DBFDEE2B78BFD1003B6E59 /* trophy.swift in Sources */ = {isa = PBXBuildFile; fileRef = A6DBFDED2B78BFD1003B6E59 /* trophy.swift */; };
		A6DBFDF02B78BFDB003B6E59 /* dumbbell.swift in Sources */ = {isa = PBXBuildFile; fileRef = A6DBFDEF2B78BFDB003B6E59 /* dumbbell.swift */; };
		A6DBFDF22B78BFEA003B6E59 /* lightbulb.swift in Sources */ = {isa = PBXBuildFile; fileRef = A6DBFDF12B78BFEA003B6E59 /* lightbulb.swift */; };
		A6DBFDF42B78BFF9003B6E59 /* star.swift in Sources */ = {isa = PBXBuildFile; fileRef = A6DBFDF32B78BFF9003B6E59 /* star.swift */; };
		A6DBFDF82B78FAD6003B6E59 /* FlexExList.swift in Sources */ = {isa = PBXBuildFile; fileRef = A6DBFDF72B78FAD6003B6E59 /* FlexExList.swift */; };
/* End PBXBuildFile section */

/* Begin PBXFileReference section */
		A6DBFDCC2B665E9E003B6E59 /* Cheetah.app */ = {isa = PBXFileReference; explicitFileType = wrapper.application; includeInIndex = 0; path = Cheetah.app; sourceTree = BUILT_PRODUCTS_DIR; };
		A6DBFDCF2B665E9E003B6E59 /* CheetahApp.swift */ = {isa = PBXFileReference; lastKnownFileType = sourcecode.swift; path = CheetahApp.swift; sourceTree = "<group>"; };
		A6DBFDD12B665E9E003B6E59 /* ContentView.swift */ = {isa = PBXFileReference; lastKnownFileType = sourcecode.swift; path = ContentView.swift; sourceTree = "<group>"; };
		A6DBFDD32B665E9F003B6E59 /* Assets.xcassets */ = {isa = PBXFileReference; lastKnownFileType = folder.assetcatalog; path = Assets.xcassets; sourceTree = "<group>"; };
		A6DBFDD52B665E9F003B6E59 /* Cheetah.entitlements */ = {isa = PBXFileReference; lastKnownFileType = text.plist.entitlements; path = Cheetah.entitlements; sourceTree = "<group>"; };
		A6DBFDD72B665E9F003B6E59 /* Preview Assets.xcassets */ = {isa = PBXFileReference; lastKnownFileType = folder.assetcatalog; path = "Preview Assets.xcassets"; sourceTree = "<group>"; };
		A6DBFDE92B78BFA9003B6E59 /* Home.swift */ = {isa = PBXFileReference; lastKnownFileType = sourcecode.swift; path = Home.swift; sourceTree = "<group>"; };
		A6DBFDED2B78BFD1003B6E59 /* trophy.swift */ = {isa = PBXFileReference; lastKnownFileType = sourcecode.swift; path = trophy.swift; sourceTree = "<group>"; };
		A6DBFDEF2B78BFDB003B6E59 /* dumbbell.swift */ = {isa = PBXFileReference; lastKnownFileType = sourcecode.swift; path = dumbbell.swift; sourceTree = "<group>"; };
		A6DBFDF12B78BFEA003B6E59 /* lightbulb.swift */ = {isa = PBXFileReference; lastKnownFileType = sourcecode.swift; path = lightbulb.swift; sourceTree = "<group>"; };
		A6DBFDF32B78BFF9003B6E59 /* star.swift */ = {isa = PBXFileReference; lastKnownFileType = sourcecode.swift; path = star.swift; sourceTree = "<group>"; };
		A6DBFDF72B78FAD6003B6E59 /* FlexExList.swift */ = {isa = PBXFileReference; lastKnownFileType = sourcecode.swift; path = FlexExList.swift; sourceTree = "<group>"; };
/* End PBXFileReference section */

/* Begin PBXFrameworksBuildPhase section */
		A6DBFDC92B665E9E003B6E59 /* Frameworks */ = {
			isa = PBXFrameworksBuildPhase;
			buildActionMask = 2147483647;
			files = (
			);
			runOnlyForDeploymentPostprocessing = 0;
		};
/* End PBXFrameworksBuildPhase section */

/* Begin PBXGroup section */
		A6DBFDC32B665E9E003B6E59 = {
			isa = PBXGroup;
			children = (
				A6DBFDCE2B665E9E003B6E59 /* Cheetah */,
				A6DBFDCD2B665E9E003B6E59 /* Products */,
			);
			sourceTree = "<group>";
		};
		A6DBFDCD2B665E9E003B6E59 /* Products */ = {
			isa = PBXGroup;
			children = (
				A6DBFDCC2B665E9E003B6E59 /* Cheetah.app */,
			);
			name = Products;
			sourceTree = "<group>";
		};
		A6DBFDCE2B665E9E003B6E59 /* Cheetah */ = {
			isa = PBXGroup;
			children = (
				A6DBFDCF2B665E9E003B6E59 /* CheetahApp.swift */,
				A6DBFDD12B665E9E003B6E59 /* ContentView.swift */,
				A6DBFDDE2B666601003B6E59 /* Views */,
				A6DBFDD32B665E9F003B6E59 /* Assets.xcassets */,
				A6DBFDD52B665E9F003B6E59 /* Cheetah.entitlements */,
				A6DBFDD62B665E9F003B6E59 /* Preview Content */,
			);
			path = Cheetah;
			sourceTree = "<group>";
		};
		A6DBFDD62B665E9F003B6E59 /* Preview Content */ = {
			isa = PBXGroup;
			children = (
				A6DBFDD72B665E9F003B6E59 /* Preview Assets.xcassets */,
			);
			path = "Preview Content";
			sourceTree = "<group>";
		};
		A6DBFDDE2B666601003B6E59 /* Views */ = {
			isa = PBXGroup;
			children = (
				A6DBFDE92B78BFA9003B6E59 /* Home.swift */,
				A6DBFDED2B78BFD1003B6E59 /* trophy.swift */,
				A6DBFDEF2B78BFDB003B6E59 /* dumbbell.swift */,
				A6DBFDF12B78BFEA003B6E59 /* lightbulb.swift */,
				A6DBFDF32B78BFF9003B6E59 /* star.swift */,
				A6DBFDF72B78FAD6003B6E59 /* FlexExList.swift */,
			);
			path = Views;
			sourceTree = "<group>";
		};
/* End PBXGroup section */

/* Begin PBXNativeTarget section */
		A6DBFDCB2B665E9E003B6E59 /* Cheetah */ = {
			isa = PBXNativeTarget;
			buildConfigurationList = A6DBFDDB2B665E9F003B6E59 /* Build configuration list for PBXNativeTarget "Cheetah" */;
			buildPhases = (
				A6DBFDC82B665E9E003B6E59 /* Sources */,
				A6DBFDC92B665E9E003B6E59 /* Frameworks */,
				A6DBFDCA2B665E9E003B6E59 /* Resources */,
			);
			buildRules = (
			);
			dependencies = (
			);
			name = Cheetah;
			productName = Cheetah;
			productReference = A6DBFDCC2B665E9E003B6E59 /* Cheetah.app */;
			productType = "com.apple.product-type.application";
		};
/* End PBXNativeTarget section */

/* Begin PBXProject section */
		A6DBFDC42B665E9E003B6E59 /* Project object */ = {
			isa = PBXProject;
			attributes = {
				BuildIndependentTargetsInParallel = 1;
				LastSwiftUpdateCheck = 1520;
				LastUpgradeCheck = 1520;
				TargetAttributes = {
					A6DBFDCB2B665E9E003B6E59 = {
						CreatedOnToolsVersion = 15.2;
					};
				};
			};
			buildConfigurationList = A6DBFDC72B665E9E003B6E59 /* Build configuration list for PBXProject "Cheetah" */;
			compatibilityVersion = "Xcode 14.0";
			developmentRegion = en;
			hasScannedForEncodings = 0;
			knownRegions = (
				en,
				Base,
			);
			mainGroup = A6DBFDC32B665E9E003B6E59;
			productRefGroup = A6DBFDCD2B665E9E003B6E59 /* Products */;
			projectDirPath = "";
			projectRoot = "";
			targets = (
				A6DBFDCB2B665E9E003B6E59 /* Cheetah */,
			);
		};
/* End PBXProject section */

/* Begin PBXResourcesBuildPhase section */
		A6DBFDCA2B665E9E003B6E59 /* Resources */ = {
			isa = PBXResourcesBuildPhase;
			buildActionMask = 2147483647;
			files = (
				A6DBFDD82B665E9F003B6E59 /* Preview Assets.xcassets in Resources */,
				A6DBFDD42B665E9F003B6E59 /* Assets.xcassets in Resources */,
			);
			runOnlyForDeploymentPostprocessing = 0;
		};
/* End PBXResourcesBuildPhase section */

/* Begin PBXSourcesBuildPhase section */
		A6DBFDC82B665E9E003B6E59 /* Sources */ = {
			isa = PBXSourcesBuildPhase;
			buildActionMask = 2147483647;
			files = (
				A6DBFDF82B78FAD6003B6E59 /* FlexExList.swift in Sources */,
				A6DBFDF02B78BFDB003B6E59 /* dumbbell.swift in Sources */,
				A6DBFDD22B665E9E003B6E59 /* ContentView.swift in Sources */,
				A6DBFDEE2B78BFD1003B6E59 /* trophy.swift in Sources */,
				A6DBFDEA2B78BFA9003B6E59 /* Home.swift in Sources */,
				A6DBFDD02B665E9E003B6E59 /* CheetahApp.swift in Sources */,
				A6DBFDF22B78BFEA003B6E59 /* lightbulb.swift in Sources */,
				A6DBFDF42B78BFF9003B6E59 /* star.swift in Sources */,
			);
			runOnlyForDeploymentPostprocessing = 0;
		};
/* End PBXSourcesBuildPhase section */

/* Begin XCBuildConfiguration section */
		A6DBFDD92B665E9F003B6E59 /* Debug */ = {
			isa = XCBuildConfiguration;
			buildSettings = {
				ALWAYS_SEARCH_USER_PATHS = NO;
				ASSETCATALOG_COMPILER_GENERATE_SWIFT_ASSET_SYMBOL_EXTENSIONS = YES;
				CLANG_ANALYZER_NONNULL = YES;
				CLANG_ANALYZER_NUMBER_OBJECT_CONVERSION = YES_AGGRESSIVE;
				CLANG_CXX_LANGUAGE_STANDARD = "gnu++20";
				CLANG_ENABLE_MODULES = YES;
				CLANG_ENABLE_OBJC_ARC = YES;
				CLANG_ENABLE_OBJC_WEAK = YES;
				CLANG_WARN_BLOCK_CAPTURE_AUTORELEASING = YES;
				CLANG_WARN_BOOL_CONVERSION = YES;
				CLANG_WARN_COMMA = YES;
				CLANG_WARN_CONSTANT_CONVERSION = YES;
				CLANG_WARN_DEPRECATED_OBJC_IMPLEMENTATIONS = YES;
				CLANG_WARN_DIRECT_OBJC_ISA_USAGE = YES_ERROR;
				CLANG_WARN_DOCUMENTATION_COMMENTS = YES;
				CLANG_WARN_EMPTY_BODY = YES;
				CLANG_WARN_ENUM_CONVERSION = YES;
				CLANG_WARN_INFINITE_RECURSION = YES;
				CLANG_WARN_INT_CONVERSION = YES;
				CLANG_WARN_NON_LITERAL_NULL_CONVERSION = YES;
				CLANG_WARN_OBJC_IMPLICIT_RETAIN_SELF = YES;
				CLANG_WARN_OBJC_LITERAL_CONVERSION = YES;
				CLANG_WARN_OBJC_ROOT_CLASS = YES_ERROR;
				CLANG_WARN_QUOTED_INCLUDE_IN_FRAMEWORK_HEADER = YES;
				CLANG_WARN_RANGE_LOOP_ANALYSIS = YES;
				CLANG_WARN_STRICT_PROTOTYPES = YES;
				CLANG_WARN_SUSPICIOUS_MOVE = YES;
				CLANG_WARN_UNGUARDED_AVAILABILITY = YES_AGGRESSIVE;
				CLANG_WARN_UNREACHABLE_CODE = YES;
				CLANG_WARN__DUPLICATE_METHOD_MATCH = YES;
				COPY_PHASE_STRIP = NO;
				DEBUG_INFORMATION_FORMAT = dwarf;
				ENABLE_STRICT_OBJC_MSGSEND = YES;
				ENABLE_TESTABILITY = YES;
				ENABLE_USER_SCRIPT_SANDBOXING = YES;
				GCC_C_LANGUAGE_STANDARD = gnu17;
				GCC_DYNAMIC_NO_PIC = NO;
				GCC_NO_COMMON_BLOCKS = YES;
				GCC_OPTIMIZATION_LEVEL = 0;
				GCC_PREPROCESSOR_DEFINITIONS = (
					"DEBUG=1",
					"$(inherited)",
				);
				GCC_WARN_64_TO_32_BIT_CONVERSION = YES;
				GCC_WARN_ABOUT_RETURN_TYPE = YES_ERROR;
				GCC_WARN_UNDECLARED_SELECTOR = YES;
				GCC_WARN_UNINITIALIZED_AUTOS = YES_AGGRESSIVE;
				GCC_WARN_UNUSED_FUNCTION = YES;
				GCC_WARN_UNUSED_VARIABLE = YES;
				LOCALIZATION_PREFERS_STRING_CATALOGS = YES;
				MTL_ENABLE_DEBUG_INFO = INCLUDE_SOURCE;
				MTL_FAST_MATH = YES;
				ONLY_ACTIVE_ARCH = YES;
				SWIFT_ACTIVE_COMPILATION_CONDITIONS = "DEBUG $(inherited)";
				SWIFT_OPTIMIZATION_LEVEL = "-Onone";
			};
			name = Debug;
		};
		A6DBFDDA2B665E9F003B6E59 /* Release */ = {
			isa = XCBuildConfiguration;
			buildSettings = {
				ALWAYS_SEARCH_USER_PATHS = NO;
				ASSETCATALOG_COMPILER_GENERATE_SWIFT_ASSET_SYMBOL_EXTENSIONS = YES;
				CLANG_ANALYZER_NONNULL = YES;
				CLANG_ANALYZER_NUMBER_OBJECT_CONVERSION = YES_AGGRESSIVE;
				CLANG_CXX_LANGUAGE_STANDARD = "gnu++20";
				CLANG_ENABLE_MODULES = YES;
				CLANG_ENABLE_OBJC_ARC = YES;
				CLANG_ENABLE_OBJC_WEAK = YES;
				CLANG_WARN_BLOCK_CAPTURE_AUTORELEASING = YES;
				CLANG_WARN_BOOL_CONVERSION = YES;
				CLANG_WARN_COMMA = YES;
				CLANG_WARN_CONSTANT_CONVERSION = YES;
				CLANG_WARN_DEPRECATED_OBJC_IMPLEMENTATIONS = YES;
				CLANG_WARN_DIRECT_OBJC_ISA_USAGE = YES_ERROR;
				CLANG_WARN_DOCUMENTATION_COMMENTS = YES;
				CLANG_WARN_EMPTY_BODY = YES;
				CLANG_WARN_ENUM_CONVERSION = YES;
				CLANG_WARN_INFINITE_RECURSION = YES;
				CLANG_WARN_INT_CONVERSION = YES;
				CLANG_WARN_NON_LITERAL_NULL_CONVERSION = YES;
				CLANG_WARN_OBJC_IMPLICIT_RETAIN_SELF = YES;
				CLANG_WARN_OBJC_LITERAL_CONVERSION = YES;
				CLANG_WARN_OBJC_ROOT_CLASS = YES_ERROR;
				CLANG_WARN_QUOTED_INCLUDE_IN_FRAMEWORK_HEADER = YES;
				CLANG_WARN_RANGE_LOOP_ANALYSIS = YES;
				CLANG_WARN_STRICT_PROTOTYPES = YES;
				CLANG_WARN_SUSPICIOUS_MOVE = YES;
				CLANG_WARN_UNGUARDED_AVAILABILITY = YES_AGGRESSIVE;
				CLANG_WARN_UNREACHABLE_CODE = YES;
				CLANG_WARN__DUPLICATE_METHOD_MATCH = YES;
				COPY_PHASE_STRIP = NO;
				DEBUG_INFORMATION_FORMAT = "dwarf-with-dsym";
				ENABLE_NS_ASSERTIONS = NO;
				ENABLE_STRICT_OBJC_MSGSEND = YES;
				ENABLE_USER_SCRIPT_SANDBOXING = YES;
				GCC_C_LANGUAGE_STANDARD = gnu17;
				GCC_NO_COMMON_BLOCKS = YES;
				GCC_WARN_64_TO_32_BIT_CONVERSION = YES;
				GCC_WARN_ABOUT_RETURN_TYPE = YES_ERROR;
				GCC_WARN_UNDECLARED_SELECTOR = YES;
				GCC_WARN_UNINITIALIZED_AUTOS = YES_AGGRESSIVE;
				GCC_WARN_UNUSED_FUNCTION = YES;
				GCC_WARN_UNUSED_VARIABLE = YES;
				LOCALIZATION_PREFERS_STRING_CATALOGS = YES;
				MTL_ENABLE_DEBUG_INFO = NO;
				MTL_FAST_MATH = YES;
				SWIFT_COMPILATION_MODE = wholemodule;
			};
			name = Release;
		};
		A6DBFDDC2B665E9F003B6E59 /* Debug */ = {
			isa = XCBuildConfiguration;
			buildSettings = {
				ASSETCATALOG_COMPILER_APPICON_NAME = AppIcon;
				ASSETCATALOG_COMPILER_GLOBAL_ACCENT_COLOR_NAME = AccentColor;
				CODE_SIGN_ENTITLEMENTS = Cheetah/Cheetah.entitlements;
				CODE_SIGN_STYLE = Automatic;
				CURRENT_PROJECT_VERSION = 1;
				DEVELOPMENT_ASSET_PATHS = "\"Cheetah/Preview Content\"";
				DEVELOPMENT_TEAM = 5VT6BGSQ3A;
				ENABLE_HARDENED_RUNTIME = YES;
				ENABLE_PREVIEWS = YES;
				GENERATE_INFOPLIST_FILE = YES;
				"INFOPLIST_KEY_UIApplicationSceneManifest_Generation[sdk=iphoneos*]" = YES;
				"INFOPLIST_KEY_UIApplicationSceneManifest_Generation[sdk=iphonesimulator*]" = YES;
				"INFOPLIST_KEY_UIApplicationSupportsIndirectInputEvents[sdk=iphoneos*]" = YES;
				"INFOPLIST_KEY_UIApplicationSupportsIndirectInputEvents[sdk=iphonesimulator*]" = YES;
				"INFOPLIST_KEY_UILaunchScreen_Generation[sdk=iphoneos*]" = YES;
				"INFOPLIST_KEY_UILaunchScreen_Generation[sdk=iphonesimulator*]" = YES;
				"INFOPLIST_KEY_UIStatusBarStyle[sdk=iphoneos*]" = UIStatusBarStyleDefault;
				"INFOPLIST_KEY_UIStatusBarStyle[sdk=iphonesimulator*]" = UIStatusBarStyleDefault;
				INFOPLIST_KEY_UISupportedInterfaceOrientations_iPad = "UIInterfaceOrientationPortrait UIInterfaceOrientationPortraitUpsideDown UIInterfaceOrientationLandscapeLeft UIInterfaceOrientationLandscapeRight";
				INFOPLIST_KEY_UISupportedInterfaceOrientations_iPhone = "UIInterfaceOrientationPortrait UIInterfaceOrientationLandscapeLeft UIInterfaceOrientationLandscapeRight";
				IPHONEOS_DEPLOYMENT_TARGET = 17.2;
				LD_RUNPATH_SEARCH_PATHS = "@executable_path/Frameworks";
				"LD_RUNPATH_SEARCH_PATHS[sdk=macosx*]" = "@executable_path/../Frameworks";
				MACOSX_DEPLOYMENT_TARGET = 13.6;
				MARKETING_VERSION = 1.0;
				PRODUCT_BUNDLE_IDENTIFIER = "Kaiser-corp..Cheetah";
				PRODUCT_NAME = "$(TARGET_NAME)";
				SDKROOT = auto;
				SUPPORTED_PLATFORMS = "iphoneos iphonesimulator macosx";
				SWIFT_EMIT_LOC_STRINGS = YES;
				SWIFT_VERSION = 5.0;
				TARGETED_DEVICE_FAMILY = "1,2";
			};
			name = Debug;
		};
		A6DBFDDD2B665E9F003B6E59 /* Release */ = {
			isa = XCBuildConfiguration;
			buildSettings = {
				ASSETCATALOG_COMPILER_APPICON_NAME = AppIcon;
				ASSETCATALOG_COMPILER_GLOBAL_ACCENT_COLOR_NAME = AccentColor;
				CODE_SIGN_ENTITLEMENTS = Cheetah/Cheetah.entitlements;
				CODE_SIGN_STYLE = Automatic;
				CURRENT_PROJECT_VERSION = 1;
				DEVELOPMENT_ASSET_PATHS = "\"Cheetah/Preview Content\"";
				DEVELOPMENT_TEAM = 5VT6BGSQ3A;
				ENABLE_HARDENED_RUNTIME = YES;
				ENABLE_PREVIEWS = YES;
				GENERATE_INFOPLIST_FILE = YES;
				"INFOPLIST_KEY_UIApplicationSceneManifest_Generation[sdk=iphoneos*]" = YES;
				"INFOPLIST_KEY_UIApplicationSceneManifest_Generation[sdk=iphonesimulator*]" = YES;
				"INFOPLIST_KEY_UIApplicationSupportsIndirectInputEvents[sdk=iphoneos*]" = YES;
				"INFOPLIST_KEY_UIApplicationSupportsIndirectInputEvents[sdk=iphonesimulator*]" = YES;
				"INFOPLIST_KEY_UILaunchScreen_Generation[sdk=iphoneos*]" = YES;
				"INFOPLIST_KEY_UILaunchScreen_Generation[sdk=iphonesimulator*]" = YES;
				"INFOPLIST_KEY_UIStatusBarStyle[sdk=iphoneos*]" = UIStatusBarStyleDefault;
				"INFOPLIST_KEY_UIStatusBarStyle[sdk=iphonesimulator*]" = UIStatusBarStyleDefault;
				INFOPLIST_KEY_UISupportedInterfaceOrientations_iPad = "UIInterfaceOrientationPortrait UIInterfaceOrientationPortraitUpsideDown UIInterfaceOrientationLandscapeLeft UIInterfaceOrientationLandscapeRight";
				INFOPLIST_KEY_UISupportedInterfaceOrientations_iPhone = "UIInterfaceOrientationPortrait UIInterfaceOrientationLandscapeLeft UIInterfaceOrientationLandscapeRight";
				IPHONEOS_DEPLOYMENT_TARGET = 17.2;
				LD_RUNPATH_SEARCH_PATHS = "@executable_path/Frameworks";
				"LD_RUNPATH_SEARCH_PATHS[sdk=macosx*]" = "@executable_path/../Frameworks";
				MACOSX_DEPLOYMENT_TARGET = 13.6;
				MARKETING_VERSION = 1.0;
				PRODUCT_BUNDLE_IDENTIFIER = "Kaiser-corp..Cheetah";
				PRODUCT_NAME = "$(TARGET_NAME)";
				SDKROOT = auto;
				SUPPORTED_PLATFORMS = "iphoneos iphonesimulator macosx";
				SWIFT_EMIT_LOC_STRINGS = YES;
				SWIFT_VERSION = 5.0;
				TARGETED_DEVICE_FAMILY = "1,2";
			};
			name = Release;
		};
/* End XCBuildConfiguration section */

/* Begin XCConfigurationList section */
		A6DBFDC72B665E9E003B6E59 /* Build configuration list for PBXProject "Cheetah" */ = {
			isa = XCConfigurationList;
			buildConfigurations = (
				A6DBFDD92B665E9F003B6E59 /* Debug */,
				A6DBFDDA2B665E9F003B6E59 /* Release */,
			);
			defaultConfigurationIsVisible = 0;
			defaultConfigurationName = Release;
		};
		A6DBFDDB2B665E9F003B6E59 /* Build configuration list for PBXNativeTarget "Cheetah" */ = {
			isa = XCConfigurationList;
			buildConfigurations = (
				A6DBFDDC2B665E9F003B6E59 /* Debug */,
				A6DBFDDD2B665E9F003B6E59 /* Release */,
			);
			defaultConfigurationIsVisible = 0;
			defaultConfigurationName = Release;
		};
/* End XCConfigurationList section */
	};
	rootObject = A6DBFDC42B665E9E003B6E59 /* Project object */;
}
